// !$*UTF8*$!
{
	archiveVersion = 1;
	classes = {
	};
	objectVersion = 50;
	objects = {

/* Begin PBXBuildFile section */
		D21B0B3020A0A966001741A0 /* AppDelegate.swift in Sources */ = {isa = PBXBuildFile; fileRef = D21B0B2F20A0A966001741A0 /* AppDelegate.swift */; };
		D21B0B3220A0A966001741A0 /* ViewController.swift in Sources */ = {isa = PBXBuildFile; fileRef = D21B0B3120A0A966001741A0 /* ViewController.swift */; };
		D21B0B3520A0A967001741A0 /* Main.storyboard in Resources */ = {isa = PBXBuildFile; fileRef = D21B0B3320A0A967001741A0 /* Main.storyboard */; };
		D21B0B3720A0A969001741A0 /* Assets.xcassets in Resources */ = {isa = PBXBuildFile; fileRef = D21B0B3620A0A969001741A0 /* Assets.xcassets */; };
		D21B0B3A20A0A969001741A0 /* LaunchScreen.storyboard in Resources */ = {isa = PBXBuildFile; fileRef = D21B0B3820A0A969001741A0 /* LaunchScreen.storyboard */; };
		D21B0B4520A0A969001741A0 /* appium_cucumberTests.swift in Sources */ = {isa = PBXBuildFile; fileRef = D21B0B4420A0A969001741A0 /* appium_cucumberTests.swift */; };
/* End PBXBuildFile section */

/* Begin PBXContainerItemProxy section */
		D21B0B4120A0A969001741A0 /* PBXContainerItemProxy */ = {
			isa = PBXContainerItemProxy;
			containerPortal = D21B0B2420A0A966001741A0 /* Project object */;
			proxyType = 1;
			remoteGlobalIDString = D21B0B2B20A0A966001741A0;
			remoteInfo = "appium-cucumber";
		};
/* End PBXContainerItemProxy section */

/* Begin PBXFileReference section */
		D21B0B2C20A0A966001741A0 /* appium-cucumber.app */ = {isa = PBXFileReference; explicitFileType = wrapper.application; includeInIndex = 0; path = "appium-cucumber.app"; sourceTree = BUILT_PRODUCTS_DIR; };
		D21B0B2F20A0A966001741A0 /* AppDelegate.swift */ = {isa = PBXFileReference; lastKnownFileType = sourcecode.swift; path = AppDelegate.swift; sourceTree = "<group>"; };
		D21B0B3120A0A966001741A0 /* ViewController.swift */ = {isa = PBXFileReference; lastKnownFileType = sourcecode.swift; path = ViewController.swift; sourceTree = "<group>"; };
		D21B0B3420A0A967001741A0 /* Base */ = {isa = PBXFileReference; lastKnownFileType = file.storyboard; name = Base; path = Base.lproj/Main.storyboard; sourceTree = "<group>"; };
		D21B0B3620A0A969001741A0 /* Assets.xcassets */ = {isa = PBXFileReference; lastKnownFileType = folder.assetcatalog; path = Assets.xcassets; sourceTree = "<group>"; };
		D21B0B3920A0A969001741A0 /* Base */ = {isa = PBXFileReference; lastKnownFileType = file.storyboard; name = Base; path = Base.lproj/LaunchScreen.storyboard; sourceTree = "<group>"; };
		D21B0B3B20A0A969001741A0 /* Info.plist */ = {isa = PBXFileReference; lastKnownFileType = text.plist.xml; path = Info.plist; sourceTree = "<group>"; };
		D21B0B4020A0A969001741A0 /* appium-cucumberTests.xctest */ = {isa = PBXFileReference; explicitFileType = wrapper.cfbundle; includeInIndex = 0; path = "appium-cucumberTests.xctest"; sourceTree = BUILT_PRODUCTS_DIR; };
		D21B0B4420A0A969001741A0 /* appium_cucumberTests.swift */ = {isa = PBXFileReference; lastKnownFileType = sourcecode.swift; path = appium_cucumberTests.swift; sourceTree = "<group>"; };
		D21B0B4620A0A969001741A0 /* Info.plist */ = {isa = PBXFileReference; lastKnownFileType = text.plist.xml; path = Info.plist; sourceTree = "<group>"; };
/* End PBXFileReference section */

/* Begin PBXFrameworksBuildPhase section */
		D21B0B2920A0A966001741A0 /* Frameworks */ = {
			isa = PBXFrameworksBuildPhase;
			buildActionMask = 2147483647;
			files = (
			);
			runOnlyForDeploymentPostprocessing = 0;
		};
		D21B0B3D20A0A969001741A0 /* Frameworks */ = {
			isa = PBXFrameworksBuildPhase;
			buildActionMask = 2147483647;
			files = (
			);
			runOnlyForDeploymentPostprocessing = 0;
		};
/* End PBXFrameworksBuildPhase section */

/* Begin PBXGroup section */
		D21B0B2320A0A966001741A0 = {
			isa = PBXGroup;
			children = (
				D21B0B2E20A0A966001741A0 /* appium-cucumber */,
				D21B0B4320A0A969001741A0 /* appium-cucumberTests */,
				D21B0B2D20A0A966001741A0 /* Products */,
			);
			sourceTree = "<group>";
		};
		D21B0B2D20A0A966001741A0 /* Products */ = {
			isa = PBXGroup;
			children = (
				D21B0B2C20A0A966001741A0 /* appium-cucumber.app */,
				D21B0B4020A0A969001741A0 /* appium-cucumberTests.xctest */,
			);
			name = Products;
			sourceTree = "<group>";
		};
		D21B0B2E20A0A966001741A0 /* appium-cucumber */ = {
			isa = PBXGroup;
			children = (
				D21B0B2F20A0A966001741A0 /* AppDelegate.swift */,
				D21B0B3120A0A966001741A0 /* ViewController.swift */,
				D21B0B3320A0A967001741A0 /* Main.storyboard */,
				D21B0B3620A0A969001741A0 /* Assets.xcassets */,
				D21B0B3820A0A969001741A0 /* LaunchScreen.storyboard */,
				D21B0B3B20A0A969001741A0 /* Info.plist */,
			);
			path = "appium-cucumber";
			sourceTree = "<group>";
		};
		D21B0B4320A0A969001741A0 /* appium-cucumberTests */ = {
			isa = PBXGroup;
			children = (
				D21B0B4420A0A969001741A0 /* appium_cucumberTests.swift */,
				D21B0B4620A0A969001741A0 /* Info.plist */,
			);
			path = "appium-cucumberTests";
			sourceTree = "<group>";
		};
/* End PBXGroup section */

/* Begin PBXNativeTarget section */
		D21B0B2B20A0A966001741A0 /* appium-cucumber */ = {
			isa = PBXNativeTarget;
			buildConfigurationList = D21B0B4920A0A969001741A0 /* Build configuration list for PBXNativeTarget "appium-cucumber" */;
			buildPhases = (
				D21B0B2820A0A966001741A0 /* Sources */,
				D21B0B2920A0A966001741A0 /* Frameworks */,
				D21B0B2A20A0A966001741A0 /* Resources */,
			);
			buildRules = (
			);
			dependencies = (
			);
			name = "appium-cucumber";
			productName = "appium-cucumber";
			productReference = D21B0B2C20A0A966001741A0 /* appium-cucumber.app */;
			productType = "com.apple.product-type.application";
		};
		D21B0B3F20A0A969001741A0 /* appium-cucumberTests */ = {
			isa = PBXNativeTarget;
			buildConfigurationList = D21B0B4C20A0A96A001741A0 /* Build configuration list for PBXNativeTarget "appium-cucumberTests" */;
			buildPhases = (
				D21B0B3C20A0A969001741A0 /* Sources */,
				D21B0B3D20A0A969001741A0 /* Frameworks */,
				D21B0B3E20A0A969001741A0 /* Resources */,
			);
			buildRules = (
			);
			dependencies = (
				D21B0B4220A0A969001741A0 /* PBXTargetDependency */,
			);
			name = "appium-cucumberTests";
			productName = "appium-cucumberTests";
			productReference = D21B0B4020A0A969001741A0 /* appium-cucumberTests.xctest */;
			productType = "com.apple.product-type.bundle.unit-test";
		};
/* End PBXNativeTarget section */

/* Begin PBXProject section */
		D21B0B2420A0A966001741A0 /* Project object */ = {
			isa = PBXProject;
			attributes = {
				LastSwiftUpdateCheck = 0930;
				LastUpgradeCheck = 0930;
				ORGANIZATIONNAME = "Robert Cooper";
				TargetAttributes = {
					D21B0B2B20A0A966001741A0 = {
						CreatedOnToolsVersion = 9.3;
					};
					D21B0B3F20A0A969001741A0 = {
						CreatedOnToolsVersion = 9.3;
						TestTargetID = D21B0B2B20A0A966001741A0;
					};
				};
			};
			buildConfigurationList = D21B0B2720A0A966001741A0 /* Build configuration list for PBXProject "appium-cucumber" */;
			compatibilityVersion = "Xcode 9.3";
			developmentRegion = en;
			hasScannedForEncodings = 0;
			knownRegions = (
				en,
				Base,
			);
			mainGroup = D21B0B2320A0A966001741A0;
			productRefGroup = D21B0B2D20A0A966001741A0 /* Products */;
			projectDirPath = "";
			projectRoot = "";
			targets = (
				D21B0B2B20A0A966001741A0 /* appium-cucumber */,
				D21B0B3F20A0A969001741A0 /* appium-cucumberTests */,
			);
		};
/* End PBXProject section */

/* Begin PBXResourcesBuildPhase section */
		D21B0B2A20A0A966001741A0 /* Resources */ = {
			isa = PBXResourcesBuildPhase;
			buildActionMask = 2147483647;
			files = (
				D21B0B3A20A0A969001741A0 /* LaunchScreen.storyboard in Resources */,
				D21B0B3720A0A969001741A0 /* Assets.xcassets in Resources */,
				D21B0B3520A0A967001741A0 /* Main.storyboard in Resources */,
			);
			runOnlyForDeploymentPostprocessing = 0;
		};
		D21B0B3E20A0A969001741A0 /* Resources */ = {
			isa = PBXResourcesBuildPhase;
			buildActionMask = 2147483647;
			files = (
			);
			runOnlyForDeploymentPostprocessing = 0;
		};
/* End PBXResourcesBuildPhase section */

/* Begin PBXSourcesBuildPhase section */
		D21B0B2820A0A966001741A0 /* Sources */ = {
			isa = PBXSourcesBuildPhase;
			buildActionMask = 2147483647;
			files = (
				D21B0B3220A0A966001741A0 /* ViewController.swift in Sources */,
				D21B0B3020A0A966001741A0 /* AppDelegate.swift in Sources */,
			);
			runOnlyForDeploymentPostprocessing = 0;
		};
		D21B0B3C20A0A969001741A0 /* Sources */ = {
			isa = PBXSourcesBuildPhase;
			buildActionMask = 2147483647;
			files = (
				D21B0B4520A0A969001741A0 /* appium_cucumberTests.swift in Sources */,
			);
			runOnlyForDeploymentPostprocessing = 0;
		};
/* End PBXSourcesBuildPhase section */

/* Begin PBXTargetDependency section */
		D21B0B4220A0A969001741A0 /* PBXTargetDependency */ = {
			isa = PBXTargetDependency;
			target = D21B0B2B20A0A966001741A0 /* appium-cucumber */;
			targetProxy = D21B0B4120A0A969001741A0 /* PBXContainerItemProxy */;
		};
/* End PBXTargetDependency section */

/* Begin PBXVariantGroup section */
		D21B0B3320A0A967001741A0 /* Main.storyboard */ = {
			isa = PBXVariantGroup;
			children = (
				D21B0B3420A0A967001741A0 /* Base */,
			);
			name = Main.storyboard;
			sourceTree = "<group>";
		};
		D21B0B3820A0A969001741A0 /* LaunchScreen.storyboard */ = {
			isa = PBXVariantGroup;
			children = (
				D21B0B3920A0A969001741A0 /* Base */,
			);
			name = LaunchScreen.storyboard;
			sourceTree = "<group>";
		};
/* End PBXVariantGroup section */

/* Begin XCBuildConfiguration section */
		D21B0B4720A0A969001741A0 /* Debug */ = {
			isa = XCBuildConfiguration;
			buildSettings = {
				ALWAYS_SEARCH_USER_PATHS = NO;
				CLANG_ANALYZER_NONNULL = YES;
				CLANG_ANALYZER_NUMBER_OBJECT_CONVERSION = YES_AGGRESSIVE;
				CLANG_CXX_LANGUAGE_STANDARD = "gnu++14";
				CLANG_CXX_LIBRARY = "libc++";
				CLANG_ENABLE_MODULES = YES;
				CLANG_ENABLE_OBJC_ARC = YES;
				CLANG_ENABLE_OBJC_WEAK = YES;
				CLANG_WARN_BLOCK_CAPTURE_AUTORELEASING = YES;
				CLANG_WARN_BOOL_CONVERSION = YES;
				CLANG_WARN_COMMA = YES;
				CLANG_WARN_CONSTANT_CONVERSION = YES;
				CLANG_WARN_DEPRECATED_OBJC_IMPLEMENTATIONS = YES;
				CLANG_WARN_DIRECT_OBJC_ISA_USAGE = YES_ERROR;
				CLANG_WARN_DOCUMENTATION_COMMENTS = YES;
				CLANG_WARN_EMPTY_BODY = YES;
				CLANG_WARN_ENUM_CONVERSION = YES;
				CLANG_WARN_INFINITE_RECURSION = YES;
				CLANG_WARN_INT_CONVERSION = YES;
				CLANG_WARN_NON_LITERAL_NULL_CONVERSION = YES;
				CLANG_WARN_OBJC_IMPLICIT_RETAIN_SELF = YES;
				CLANG_WARN_OBJC_LITERAL_CONVERSION = YES;
				CLANG_WARN_OBJC_ROOT_CLASS = YES_ERROR;
				CLANG_WARN_RANGE_LOOP_ANALYSIS = YES;
				CLANG_WARN_STRICT_PROTOTYPES = YES;
				CLANG_WARN_SUSPICIOUS_MOVE = YES;
				CLANG_WARN_UNGUARDED_AVAILABILITY = YES_AGGRESSIVE;
				CLANG_WARN_UNREACHABLE_CODE = YES;
				CLANG_WARN__DUPLICATE_METHOD_MATCH = YES;
				CODE_SIGN_IDENTITY = "iPhone Developer";
				COPY_PHASE_STRIP = NO;
				DEBUG_INFORMATION_FORMAT = dwarf;
				ENABLE_STRICT_OBJC_MSGSEND = YES;
				ENABLE_TESTABILITY = YES;
				GCC_C_LANGUAGE_STANDARD = gnu11;
				GCC_DYNAMIC_NO_PIC = NO;
				GCC_NO_COMMON_BLOCKS = YES;
				GCC_OPTIMIZATION_LEVEL = 0;
				GCC_PREPROCESSOR_DEFINITIONS = (
					"DEBUG=1",
					"$(inherited)",
				);
				GCC_WARN_64_TO_32_BIT_CONVERSION = YES;
				GCC_WARN_ABOUT_RETURN_TYPE = YES_ERROR;
				GCC_WARN_UNDECLARED_SELECTOR = YES;
				GCC_WARN_UNINITIALIZED_AUTOS = YES_AGGRESSIVE;
				GCC_WARN_UNUSED_FUNCTION = YES;
				GCC_WARN_UNUSED_VARIABLE = YES;
				IPHONEOS_DEPLOYMENT_TARGET = 11.3;
				MTL_ENABLE_DEBUG_INFO = YES;
				ONLY_ACTIVE_ARCH = YES;
				SDKROOT = iphoneos;
				SWIFT_ACTIVE_COMPILATION_CONDITIONS = DEBUG;
				SWIFT_OPTIMIZATION_LEVEL = "-Onone";
			};
			name = Debug;
		};
		D21B0B4820A0A969001741A0 /* Release */ = {
			isa = XCBuildConfiguration;
			buildSettings = {
				ALWAYS_SEARCH_USER_PATHS = NO;
				CLANG_ANALYZER_NONNULL = YES;
				CLANG_ANALYZER_NUMBER_OBJECT_CONVERSION = YES_AGGRESSIVE;
				CLANG_CXX_LANGUAGE_STANDARD = "gnu++14";
				CLANG_CXX_LIBRARY = "libc++";
				CLANG_ENABLE_MODULES = YES;
				CLANG_ENABLE_OBJC_ARC = YES;
				CLANG_ENABLE_OBJC_WEAK = YES;
				CLANG_WARN_BLOCK_CAPTURE_AUTORELEASING = YES;
				CLANG_WARN_BOOL_CONVERSION = YES;
				CLANG_WARN_COMMA = YES;
				CLANG_WARN_CONSTANT_CONVERSION = YES;
				CLANG_WARN_DEPRECATED_OBJC_IMPLEMENTATIONS = YES;
				CLANG_WARN_DIRECT_OBJC_ISA_USAGE = YES_ERROR;
				CLANG_WARN_DOCUMENTATION_COMMENTS = YES;
				CLANG_WARN_EMPTY_BODY = YES;
				CLANG_WARN_ENUM_CONVERSION = YES;
				CLANG_WARN_INFINITE_RECURSION = YES;
				CLANG_WARN_INT_CONVERSION = YES;
				CLANG_WARN_NON_LITERAL_NULL_CONVERSION = YES;
				CLANG_WARN_OBJC_IMPLICIT_RETAIN_SELF = YES;
				CLANG_WARN_OBJC_LITERAL_CONVERSION = YES;
				CLANG_WARN_OBJC_ROOT_CLASS = YES_ERROR;
				CLANG_WARN_RANGE_LOOP_ANALYSIS = YES;
				CLANG_WARN_STRICT_PROTOTYPES = YES;
				CLANG_WARN_SUSPICIOUS_MOVE = YES;
				CLANG_WARN_UNGUARDED_AVAILABILITY = YES_AGGRESSIVE;
				CLANG_WARN_UNREACHABLE_CODE = YES;
				CLANG_WARN__DUPLICATE_METHOD_MATCH = YES;
				CODE_SIGN_IDENTITY = "iPhone Developer";
				COPY_PHASE_STRIP = NO;
				DEBUG_INFORMATION_FORMAT = "dwarf-with-dsym";
				ENABLE_NS_ASSERTIONS = NO;
				ENABLE_STRICT_OBJC_MSGSEND = YES;
				GCC_C_LANGUAGE_STANDARD = gnu11;
				GCC_NO_COMMON_BLOCKS = YES;
				GCC_WARN_64_TO_32_BIT_CONVERSION = YES;
				GCC_WARN_ABOUT_RETURN_TYPE = YES_ERROR;
				GCC_WARN_UNDECLARED_SELECTOR = YES;
				GCC_WARN_UNINITIALIZED_AUTOS = YES_AGGRESSIVE;
				GCC_WARN_UNUSED_FUNCTION = YES;
				GCC_WARN_UNUSED_VARIABLE = YES;
				IPHONEOS_DEPLOYMENT_TARGET = 11.3;
				MTL_ENABLE_DEBUG_INFO = NO;
				SDKROOT = iphoneos;
				SWIFT_COMPILATION_MODE = wholemodule;
				SWIFT_OPTIMIZATION_LEVEL = "-O";
				VALIDATE_PRODUCT = YES;
			};
			name = Release;
		};
		D21B0B4A20A0A969001741A0 /* Debug */ = {
			isa = XCBuildConfiguration;
			buildSettings = {
				ASSETCATALOG_COMPILER_APPICON_NAME = AppIcon;
				CODE_SIGN_STYLE = Automatic;
				DEVELOPMENT_TEAM = BJ5747QS59;
				INFOPLIST_FILE = "appium-cucumber/Info.plist";
				LD_RUNPATH_SEARCH_PATHS = (
					"$(inherited)",
					"@executable_path/Frameworks",
				);
				PRODUCT_BUNDLE_IDENTIFIER = "net.kebernet.appium-cucumber";
				PRODUCT_NAME = "$(TARGET_NAME)";
				SWIFT_VERSION = 4.0;
				TARGETED_DEVICE_FAMILY = "1,2";
			};
			name = Debug;
		};
		D21B0B4B20A0A969001741A0 /* Release */ = {
			isa = XCBuildConfiguration;
			buildSettings = {
				ASSETCATALOG_COMPILER_APPICON_NAME = AppIcon;
				CODE_SIGN_STYLE = Automatic;
				DEVELOPMENT_TEAM = BJ5747QS59;
				INFOPLIST_FILE = "appium-cucumber/Info.plist";
				LD_RUNPATH_SEARCH_PATHS = (
					"$(inherited)",
					"@executable_path/Frameworks",
				);
				PRODUCT_BUNDLE_IDENTIFIER = "net.kebernet.appium-cucumber";
				PRODUCT_NAME = "$(TARGET_NAME)";
				SWIFT_VERSION = 4.0;
				TARGETED_DEVICE_FAMILY = "1,2";
			};
			name = Release;
		};
		D21B0B4D20A0A96A001741A0 /* Debug */ = {
			isa = XCBuildConfiguration;
			buildSettings = {
				ALWAYS_EMBED_SWIFT_STANDARD_LIBRARIES = YES;
				BUNDLE_LOADER = "$(TEST_HOST)";
				CODE_SIGN_STYLE = Automatic;
				DEVELOPMENT_TEAM = BJ5747QS59;
				INFOPLIST_FILE = "appium-cucumberTests/Info.plist";
				LD_RUNPATH_SEARCH_PATHS = (
					"$(inherited)",
					"@executable_path/Frameworks",
					"@loader_path/Frameworks",
				);
				PRODUCT_BUNDLE_IDENTIFIER = "net.kebernet.appium-cucumberTests";
				PRODUCT_NAME = "$(TARGET_NAME)";
				SWIFT_VERSION = 4.0;
				TARGETED_DEVICE_FAMILY = "1,2";
				TEST_HOST = "$(BUILT_PRODUCTS_DIR)/appium-cucumber.app/appium-cucumber";
			};
			name = Debug;
		};
		D21B0B4E20A0A96A001741A0 /* Release */ = {
			isa = XCBuildConfiguration;
			buildSettings = {
				ALWAYS_EMBED_SWIFT_STANDARD_LIBRARIES = YES;
				BUNDLE_LOADER = "$(TEST_HOST)";
				CODE_SIGN_STYLE = Automatic;
				DEVELOPMENT_TEAM = BJ5747QS59;
				INFOPLIST_FILE = "appium-cucumberTests/Info.plist";
				LD_RUNPATH_SEARCH_PATHS = (
					"$(inherited)",
					"@executable_path/Frameworks",
					"@loader_path/Frameworks",
				);
				PRODUCT_BUNDLE_IDENTIFIER = "net.kebernet.appium-cucumberTests";
				PRODUCT_NAME = "$(TARGET_NAME)";
				SWIFT_VERSION = 4.0;
				TARGETED_DEVICE_FAMILY = "1,2";
				TEST_HOST = "$(BUILT_PRODUCTS_DIR)/appium-cucumber.app/appium-cucumber";
			};
			name = Release;
		};
/* End XCBuildConfiguration section */

/* Begin XCConfigurationList section */
		D21B0B2720A0A966001741A0 /* Build configuration list for PBXProject "appium-cucumber" */ = {
			isa = XCConfigurationList;
			buildConfigurations = (
				D21B0B4720A0A969001741A0 /* Debug */,
				D21B0B4820A0A969001741A0 /* Release */,
			);
			defaultConfigurationIsVisible = 0;
			defaultConfigurationName = Release;
		};
		D21B0B4920A0A969001741A0 /* Build configuration list for PBXNativeTarget "appium-cucumber" */ = {
			isa = XCConfigurationList;
			buildConfigurations = (
				D21B0B4A20A0A969001741A0 /* Debug */,
				D21B0B4B20A0A969001741A0 /* Release */,
			);
			defaultConfigurationIsVisible = 0;
			defaultConfigurationName = Release;
		};
		D21B0B4C20A0A96A001741A0 /* Build configuration list for PBXNativeTarget "appium-cucumberTests" */ = {
			isa = XCConfigurationList;
			buildConfigurations = (
				D21B0B4D20A0A96A001741A0 /* Debug */,
				D21B0B4E20A0A96A001741A0 /* Release */,
			);
			defaultConfigurationIsVisible = 0;
			defaultConfigurationName = Release;
		};
/* End XCConfigurationList section */
	};
	rootObject = D21B0B2420A0A966001741A0 /* Project object */;
}
